
Microsoft Visual Studio Solution File, Format Version 12.00
# Visual Studio Version 16
VisualStudioVersion = 16.0.29123.88
MinimumVisualStudioVersion = 10.0.40219.1
Project("{FAE04EC0-301F-11D3-BF4B-00C04F79EFBC}") = "WebServer", "WebServer\WebServer.csproj", "{FBD80EB0-2FF1-4908-A76F-A0DE2CBC06D5}"
EndProject
Global
	GlobalSection(SolutionConfigurationPlatforms) = preSolution
		Debug|Any CPU = Debug|Any CPU
		Release|Any CPU = Release|Any CPU
	EndGlobalSection
	GlobalSection(ProjectConfigurationPlatforms) = postSolution
		{FBD80EB0-2FF1-4908-A76F-A0DE2CBC06D5}.Debug|Any CPU.ActiveCfg = Debug|Any CPU
		{FBD80EB0-2FF1-4908-A76F-A0DE2CBC06D5}.Debug|Any CPU.Build.0 = Debug|Any CPU
		{FBD80EB0-2FF1-4908-A76F-A0DE2CBC06D5}.Release|Any CPU.ActiveCfg = Release|Any CPU
		{FBD80EB0-2FF1-4908-A76F-A0DE2CBC06D5}.Release|Any CPU.Build.0 = Release|Any CPU
	EndGlobalSection
	GlobalSection(SolutionProperties) = preSolution
		HideSolutionNode = FALSE
	EndGlobalSection
	GlobalSection(ExtensibilityGlobals) = postSolution
		SolutionGuid = {33B2BA72-E1FD-4D39-9F67-A3287671FB4C}
	EndGlobalSection
EndGlobal
